
Microsoft Visual Studio Solution File, Format Version 10.00
# Visual Studio 2008
Project("{FAE04EC0-301F-11D3-BF4B-00C04F79EFBC}") = "BAH.BOS.WebAPI.Client.Compact", "BAH.BOS.WebAPI.Client.Compact\BAH.BOS.WebAPI.Client.Compact.csproj", "{15749559-9EB3-4A29-92A6-EC4B2DD36E86}"
EndProject
Project("{FAE04EC0-301F-11D3-BF4B-00C04F79EFBC}") = "BAH.BOS.WebAPI.Client.Compact.WinFormTest", "BAH.BOS.WebAPI.Client.Compact.WinFormTest\BAH.BOS.WebAPI.Client.Compact.WinFormTest.csproj", "{F1974D25-F332-4B78-A828-F2A626437894}"
EndProject
Project("{FAE04EC0-301F-11D3-BF4B-00C04F79EFBC}") = "BAH.BOS.WebAPI.Client", "BAH.BOS.WebAPI.Client\BAH.BOS.WebAPI.Client.csproj", "{75C3CD0C-574F-40E2-90A1-69BA2B35B78B}"
EndProject
Project("{FAE04EC0-301F-11D3-BF4B-00C04F79EFBC}") = "BAH.BOS.WebAPI.Client.ConsoleTest", "BAH.BOS.WebAPI.Client.ConsoleTest\BAH.BOS.WebAPI.Client.ConsoleTest.csproj", "{D342859B-09DB-4D60-90B1-EC0C81AC869F}"
EndProject
Global
	GlobalSection(SolutionConfigurationPlatforms) = preSolution
		Debug|Any CPU = Debug|Any CPU
		Release|Any CPU = Release|Any CPU
	EndGlobalSection
	GlobalSection(ProjectConfigurationPlatforms) = postSolution
		{15749559-9EB3-4A29-92A6-EC4B2DD36E86}.Debug|Any CPU.ActiveCfg = Debug|Any CPU
		{15749559-9EB3-4A29-92A6-EC4B2DD36E86}.Debug|Any CPU.Build.0 = Debug|Any CPU
		{15749559-9EB3-4A29-92A6-EC4B2DD36E86}.Release|Any CPU.ActiveCfg = Release|Any CPU
		{15749559-9EB3-4A29-92A6-EC4B2DD36E86}.Release|Any CPU.Build.0 = Release|Any CPU
		{F1974D25-F332-4B78-A828-F2A626437894}.Debug|Any CPU.ActiveCfg = Debug|Any CPU
		{F1974D25-F332-4B78-A828-F2A626437894}.Debug|Any CPU.Build.0 = Debug|Any CPU
		{F1974D25-F332-4B78-A828-F2A626437894}.Debug|Any CPU.Deploy.0 = Debug|Any CPU
		{F1974D25-F332-4B78-A828-F2A626437894}.Release|Any CPU.ActiveCfg = Release|Any CPU
		{F1974D25-F332-4B78-A828-F2A626437894}.Release|Any CPU.Build.0 = Release|Any CPU
		{F1974D25-F332-4B78-A828-F2A626437894}.Release|Any CPU.Deploy.0 = Release|Any CPU
		{75C3CD0C-574F-40E2-90A1-69BA2B35B78B}.Debug|Any CPU.ActiveCfg = Debug|Any CPU
		{75C3CD0C-574F-40E2-90A1-69BA2B35B78B}.Debug|Any CPU.Build.0 = Debug|Any CPU
		{75C3CD0C-574F-40E2-90A1-69BA2B35B78B}.Release|Any CPU.ActiveCfg = Release|Any CPU
		{75C3CD0C-574F-40E2-90A1-69BA2B35B78B}.Release|Any CPU.Build.0 = Release|Any CPU
		{D342859B-09DB-4D60-90B1-EC0C81AC869F}.Debug|Any CPU.ActiveCfg = Debug|Any CPU
		{D342859B-09DB-4D60-90B1-EC0C81AC869F}.Debug|Any CPU.Build.0 = Debug|Any CPU
		{D342859B-09DB-4D60-90B1-EC0C81AC869F}.Release|Any CPU.ActiveCfg = Release|Any CPU
		{D342859B-09DB-4D60-90B1-EC0C81AC869F}.Release|Any CPU.Build.0 = Release|Any CPU
	EndGlobalSection
	GlobalSection(SolutionProperties) = preSolution
		HideSolutionNode = FALSE
	EndGlobalSection
EndGlobal
